
Microsoft Visual Studio Solution File, Format Version 12.00
# Visual Studio Version 17
VisualStudioVersion = 17.0.32126.317
MinimumVisualStudioVersion = 10.0.40219.1
Project("{888888A0-9F3D-457C-B088-3A5042F75D52}") = "Lab6A_binarySearch_Oquendo", "Lab6A_binarySearch_Oquendo.pyproj", "{599C1579-1731-42DE-867B-CD80636A3231}"
EndProject
Global
	GlobalSection(SolutionConfigurationPlatforms) = preSolution
		Debug|Any CPU = Debug|Any CPU
		Release|Any CPU = Release|Any CPU
	EndGlobalSection
	GlobalSection(ProjectConfigurationPlatforms) = postSolution
		{599C1579-1731-42DE-867B-CD80636A3231}.Debug|Any CPU.ActiveCfg = Debug|Any CPU
		{599C1579-1731-42DE-867B-CD80636A3231}.Release|Any CPU.ActiveCfg = Release|Any CPU
	EndGlobalSection
	GlobalSection(SolutionProperties) = preSolution
		HideSolutionNode = FALSE
	EndGlobalSection
	GlobalSection(ExtensibilityGlobals) = postSolution
		SolutionGuid = {5D0E37FD-7CCF-4E1D-A6D6-6BC5389F781F}
	EndGlobalSection
EndGlobal
