
Microsoft Visual Studio Solution File, Format Version 12.00
# Visual Studio Version 17
VisualStudioVersion = 17.0.32126.317
MinimumVisualStudioVersion = 10.0.40219.1
Project("{888888A0-9F3D-457C-B088-3A5042F75D52}") = "Lab5B_seqEmailSearch_Oquendo", "Lab5B_seqEmailSearch_Oquendo.pyproj", "{34FA59DC-268E-46AE-9B2A-B480BEBDE1EC}"
EndProject
Global
	GlobalSection(SolutionConfigurationPlatforms) = preSolution
		Debug|Any CPU = Debug|Any CPU
		Release|Any CPU = Release|Any CPU
	EndGlobalSection
	GlobalSection(ProjectConfigurationPlatforms) = postSolution
		{34FA59DC-268E-46AE-9B2A-B480BEBDE1EC}.Debug|Any CPU.ActiveCfg = Debug|Any CPU
		{34FA59DC-268E-46AE-9B2A-B480BEBDE1EC}.Release|Any CPU.ActiveCfg = Release|Any CPU
	EndGlobalSection
	GlobalSection(SolutionProperties) = preSolution
		HideSolutionNode = FALSE
	EndGlobalSection
	GlobalSection(ExtensibilityGlobals) = postSolution
		SolutionGuid = {531FADBA-445E-46BF-B2D7-6F549969ADED}
	EndGlobalSection
EndGlobal
