
Microsoft Visual Studio Solution File, Format Version 12.00
# Visual Studio Version 16
VisualStudioVersion = 16.0.32106.194
MinimumVisualStudioVersion = 10.0.40219.1
Project("{888888A0-9F3D-457C-B088-3A5042F75D52}") = "Lab2A_001", "Lab2A_001.pyproj", "{C3501210-27A2-437A-82A2-7430A3A74631}"
EndProject
Global
	GlobalSection(SolutionConfigurationPlatforms) = preSolution
		Debug|Any CPU = Debug|Any CPU
		Release|Any CPU = Release|Any CPU
	EndGlobalSection
	GlobalSection(ProjectConfigurationPlatforms) = postSolution
		{C3501210-27A2-437A-82A2-7430A3A74631}.Debug|Any CPU.ActiveCfg = Debug|Any CPU
		{C3501210-27A2-437A-82A2-7430A3A74631}.Release|Any CPU.ActiveCfg = Release|Any CPU
	EndGlobalSection
	GlobalSection(SolutionProperties) = preSolution
		HideSolutionNode = FALSE
	EndGlobalSection
	GlobalSection(ExtensibilityGlobals) = postSolution
		SolutionGuid = {E321EC58-80EE-44E1-BC0E-6C54D3D9309E}
	EndGlobalSection
EndGlobal
