
Microsoft Visual Studio Solution File, Format Version 12.00
# Visual Studio Version 16
VisualStudioVersion = 16.0.31624.102
MinimumVisualStudioVersion = 10.0.40219.1
Project("{888888A0-9F3D-457C-B088-3A5042F75D52}") = "Lab4C_Oq_empl_names", "Lab4C_Oq_empl_names.pyproj", "{99177A6D-69A6-437D-A8C0-586C378B9DDA}"
EndProject
Global
	GlobalSection(SolutionConfigurationPlatforms) = preSolution
		Debug|Any CPU = Debug|Any CPU
		Release|Any CPU = Release|Any CPU
	EndGlobalSection
	GlobalSection(ProjectConfigurationPlatforms) = postSolution
		{99177A6D-69A6-437D-A8C0-586C378B9DDA}.Debug|Any CPU.ActiveCfg = Debug|Any CPU
		{99177A6D-69A6-437D-A8C0-586C378B9DDA}.Release|Any CPU.ActiveCfg = Release|Any CPU
	EndGlobalSection
	GlobalSection(SolutionProperties) = preSolution
		HideSolutionNode = FALSE
	EndGlobalSection
	GlobalSection(ExtensibilityGlobals) = postSolution
		SolutionGuid = {0E5BE1E1-7DC7-424C-B7D3-4AA2E15C3E97}
	EndGlobalSection
EndGlobal
