
Microsoft Visual Studio Solution File, Format Version 12.00
# Visual Studio Version 16
VisualStudioVersion = 16.0.31624.102
MinimumVisualStudioVersion = 10.0.40219.1
Project("{888888A0-9F3D-457C-B088-3A5042F75D52}") = "w3d2_demo_interpy", "w3d2_demo_interpy.pyproj", "{0F16B304-9625-4904-9D6B-6BF22CF7EBAD}"
EndProject
Global
	GlobalSection(SolutionConfigurationPlatforms) = preSolution
		Debug|Any CPU = Debug|Any CPU
		Release|Any CPU = Release|Any CPU
	EndGlobalSection
	GlobalSection(ProjectConfigurationPlatforms) = postSolution
		{0F16B304-9625-4904-9D6B-6BF22CF7EBAD}.Debug|Any CPU.ActiveCfg = Debug|Any CPU
		{0F16B304-9625-4904-9D6B-6BF22CF7EBAD}.Release|Any CPU.ActiveCfg = Release|Any CPU
	EndGlobalSection
	GlobalSection(SolutionProperties) = preSolution
		HideSolutionNode = FALSE
	EndGlobalSection
	GlobalSection(ExtensibilityGlobals) = postSolution
		SolutionGuid = {EC1B24CF-8043-49FA-89AB-100E9E848B08}
	EndGlobalSection
EndGlobal
