
Microsoft Visual Studio Solution File, Format Version 12.00
# Visual Studio Version 16
VisualStudioVersion = 16.0.31624.102
MinimumVisualStudioVersion = 10.0.40219.1
Project("{888888A0-9F3D-457C-B088-3A5042F75D52}") = "W5D1_classdemo", "W5D1_classdemo.pyproj", "{9E19C8FE-1F19-4FEF-9A11-CAF917C10DB5}"
EndProject
Global
	GlobalSection(SolutionConfigurationPlatforms) = preSolution
		Debug|Any CPU = Debug|Any CPU
		Release|Any CPU = Release|Any CPU
	EndGlobalSection
	GlobalSection(ProjectConfigurationPlatforms) = postSolution
		{9E19C8FE-1F19-4FEF-9A11-CAF917C10DB5}.Debug|Any CPU.ActiveCfg = Debug|Any CPU
		{9E19C8FE-1F19-4FEF-9A11-CAF917C10DB5}.Release|Any CPU.ActiveCfg = Release|Any CPU
	EndGlobalSection
	GlobalSection(SolutionProperties) = preSolution
		HideSolutionNode = FALSE
	EndGlobalSection
	GlobalSection(ExtensibilityGlobals) = postSolution
		SolutionGuid = {6559050E-DFFD-4C06-9167-BED5CB1B8348}
	EndGlobalSection
EndGlobal
