
Microsoft Visual Studio Solution File, Format Version 12.00
# Visual Studio Version 17
VisualStudioVersion = 17.1.32210.238
MinimumVisualStudioVersion = 10.0.40219.1
Project("{888888A0-9F3D-457C-B088-3A5042F75D52}") = "finalExam_oquendo", "finalExam_oquendo.pyproj", "{01434335-655A-42B3-B679-683B949A719D}"
EndProject
Global
	GlobalSection(SolutionConfigurationPlatforms) = preSolution
		Debug|Any CPU = Debug|Any CPU
		Release|Any CPU = Release|Any CPU
	EndGlobalSection
	GlobalSection(ProjectConfigurationPlatforms) = postSolution
		{01434335-655A-42B3-B679-683B949A719D}.Debug|Any CPU.ActiveCfg = Debug|Any CPU
		{01434335-655A-42B3-B679-683B949A719D}.Release|Any CPU.ActiveCfg = Release|Any CPU
	EndGlobalSection
	GlobalSection(SolutionProperties) = preSolution
		HideSolutionNode = FALSE
	EndGlobalSection
	GlobalSection(ExtensibilityGlobals) = postSolution
		SolutionGuid = {B1D18FAE-4129-4051-8AD4-C5440D7E6DB9}
	EndGlobalSection
EndGlobal
